
Microsoft Visual Studio Solution File, Format Version 12.00
# Visual Studio Version 17
VisualStudioVersion = 17.10.35201.131
MinimumVisualStudioVersion = 10.0.40219.1
Project("{9A19103F-16F7-4668-BE54-9A1E7A4F7556}") = "OrderingService", "OrderingService\OrderingService.csproj", "{9614A48E-BC20-4DF6-A5E0-214854F62E32}"
EndProject
Project("{9A19103F-16F7-4668-BE54-9A1E7A4F7556}") = "PaymentService", "PaymentService\PaymentService.csproj", "{90E06AFB-4DB8-43C7-80B0-5394542E42D2}"
EndProject
Project("{9A19103F-16F7-4668-BE54-9A1E7A4F7556}") = "InventoryService", "InventoryService\InventoryService.csproj", "{A4B9EBBE-52F8-48A3-8A68-89C08500F804}"
EndProject
Project("{2150E333-8FDC-42A3-9474-1A3956D46DE8}") = "src", "src", "{980D61AE-5198-400C-A0EB-0138818FBD2E}"
EndProject
Global
	GlobalSection(SolutionConfigurationPlatforms) = preSolution
		Debug|Any CPU = Debug|Any CPU
		Release|Any CPU = Release|Any CPU
	EndGlobalSection
	GlobalSection(ProjectConfigurationPlatforms) = postSolution
		{9614A48E-BC20-4DF6-A5E0-214854F62E32}.Debug|Any CPU.ActiveCfg = Debug|Any CPU
		{9614A48E-BC20-4DF6-A5E0-214854F62E32}.Debug|Any CPU.Build.0 = Debug|Any CPU
		{9614A48E-BC20-4DF6-A5E0-214854F62E32}.Release|Any CPU.ActiveCfg = Release|Any CPU
		{9614A48E-BC20-4DF6-A5E0-214854F62E32}.Release|Any CPU.Build.0 = Release|Any CPU
		{90E06AFB-4DB8-43C7-80B0-5394542E42D2}.Debug|Any CPU.ActiveCfg = Debug|Any CPU
		{90E06AFB-4DB8-43C7-80B0-5394542E42D2}.Debug|Any CPU.Build.0 = Debug|Any CPU
		{90E06AFB-4DB8-43C7-80B0-5394542E42D2}.Release|Any CPU.ActiveCfg = Release|Any CPU
		{90E06AFB-4DB8-43C7-80B0-5394542E42D2}.Release|Any CPU.Build.0 = Release|Any CPU
		{A4B9EBBE-52F8-48A3-8A68-89C08500F804}.Debug|Any CPU.ActiveCfg = Debug|Any CPU
		{A4B9EBBE-52F8-48A3-8A68-89C08500F804}.Debug|Any CPU.Build.0 = Debug|Any CPU
		{A4B9EBBE-52F8-48A3-8A68-89C08500F804}.Release|Any CPU.ActiveCfg = Release|Any CPU
		{A4B9EBBE-52F8-48A3-8A68-89C08500F804}.Release|Any CPU.Build.0 = Release|Any CPU
	EndGlobalSection
	GlobalSection(SolutionProperties) = preSolution
		HideSolutionNode = FALSE
	EndGlobalSection
	GlobalSection(NestedProjects) = preSolution
		{9614A48E-BC20-4DF6-A5E0-214854F62E32} = {980D61AE-5198-400C-A0EB-0138818FBD2E}
		{90E06AFB-4DB8-43C7-80B0-5394542E42D2} = {980D61AE-5198-400C-A0EB-0138818FBD2E}
		{A4B9EBBE-52F8-48A3-8A68-89C08500F804} = {980D61AE-5198-400C-A0EB-0138818FBD2E}
	EndGlobalSection
	GlobalSection(ExtensibilityGlobals) = postSolution
		SolutionGuid = {CADEA654-8B9D-48DF-9726-EF015C56AFB2}
	EndGlobalSection
EndGlobal
